
Microsoft Visual Studio Solution File, Format Version 12.00
Project("{FAE04EC0-301F-11D3-BF4B-00C04F79EFBC}") = "Bridge Pattern", "Bridge Pattern\Bridge Pattern.csproj", "{7F97A4F6-B23D-40C7-BFD5-D06BDF17CF4D}"
EndProject
Global
	GlobalSection(SolutionConfigurationPlatforms) = preSolution
		Debug|Any CPU = Debug|Any CPU
		Release|Any CPU = Release|Any CPU
	EndGlobalSection
	GlobalSection(ProjectConfigurationPlatforms) = postSolution
		{7F97A4F6-B23D-40C7-BFD5-D06BDF17CF4D}.Debug|Any CPU.ActiveCfg = Debug|Any CPU
		{7F97A4F6-B23D-40C7-BFD5-D06BDF17CF4D}.Debug|Any CPU.Build.0 = Debug|Any CPU
		{7F97A4F6-B23D-40C7-BFD5-D06BDF17CF4D}.Release|Any CPU.ActiveCfg = Release|Any CPU
		{7F97A4F6-B23D-40C7-BFD5-D06BDF17CF4D}.Release|Any CPU.Build.0 = Release|Any CPU
	EndGlobalSection
EndGlobal
